C:\sachin\Terraform>terraform plan -out=terraform_PLAN_out
Refreshing Terraform state in-memory prior to plan...
The refreshed state will be used to calculate this plan, but will not be
persisted to local or remote state storage.


------------------------------------------------------------------------

An execution plan has been generated and is shown below.
Resource actions are indicated with the following symbols:
  + create

Terraform will perform the following actions:

  # aws_eip.elastic-IP will be created
  + resource "aws_eip" "elastic-IP" {
      + allocation_id             = (known after apply)
      + associate_with_private_ip = "10.0.0.12"
      + association_id            = (known after apply)
      + customer_owned_ip         = (known after apply)
      + domain                    = (known after apply)
      + id                        = (known after apply)
      + instance                  = (known after apply)
      + network_interface         = (known after apply)
      + private_dns               = (known after apply)
      + private_ip                = (known after apply)
      + public_dns                = (known after apply)
      + public_ip                 = (known after apply)
      + public_ipv4_pool          = (known after apply)
      + vpc                       = true
    }

  # aws_instance.ec2_devops will be created
  + resource "aws_instance" "ec2_devops" {
      + ami                          = "ami-08f3d892de259504d"
      + arn                          = (known after apply)
      + associate_public_ip_address  = (known after apply)
      + availability_zone            = (known after apply)
      + cpu_core_count               = (known after apply)
      + cpu_threads_per_core         = (known after apply)
      + get_password_data            = false
      + host_id                      = (known after apply)
      + id                           = (known after apply)
      + instance_state               = (known after apply)
      + instance_type                = "t2.micro"
      + ipv6_address_count           = (known after apply)
      + ipv6_addresses               = (known after apply)
      + key_name                     = "kp_devops"
      + network_interface_id         = (known after apply)
      + outpost_arn                  = (known after apply)
      + password_data                = (known after apply)
      + placement_group              = (known after apply)
      + primary_network_interface_id = (known after apply)
      + private_dns                  = (known after apply)
      + private_ip                   = "10.0.0.12"
      + public_dns                   = (known after apply)
      + public_ip                    = (known after apply)
      + security_groups              = (known after apply)
      + source_dest_check            = true
      + subnet_id                    = (known after apply)
      + tags                         = {
          + "Name" = "ec2_devops"
        }
      + tenancy                      = (known after apply)
      + volume_tags                  = (known after apply)
      + vpc_security_group_ids       = (known after apply)

      + ebs_block_device {
          + delete_on_termination = (known after apply)
          + device_name           = (known after apply)
          + encrypted             = (known after apply)
          + iops                  = (known after apply)
          + kms_key_id            = (known after apply)
          + snapshot_id           = (known after apply)
          + volume_id             = (known after apply)
          + volume_size           = (known after apply)
          + volume_type           = (known after apply)
        }

      + ephemeral_block_device {
          + device_name  = (known after apply)
          + no_device    = (known after apply)
          + virtual_name = (known after apply)
        }

      + metadata_options {
          + http_endpoint               = (known after apply)
          + http_put_response_hop_limit = (known after apply)
          + http_tokens                 = (known after apply)
        }

      + network_interface {
          + delete_on_termination = (known after apply)
          + device_index          = (known after apply)
          + network_interface_id  = (known after apply)
        }

      + root_block_device {
          + delete_on_termination = (known after apply)
          + device_name           = (known after apply)
          + encrypted             = (known after apply)
          + iops                  = (known after apply)
          + kms_key_id            = (known after apply)
          + volume_id             = (known after apply)
          + volume_size           = (known after apply)
          + volume_type           = (known after apply)
        }
    }

  # aws_internet_gateway.gw will be created
  + resource "aws_internet_gateway" "gw" {
      + arn      = (known after apply)
      + id       = (known after apply)
      + owner_id = (known after apply)
      + tags     = {
          + "Name" = "IGW"
        }
      + vpc_id   = (known after apply)
    }

  # aws_key_pair.kp_devops will be created
  + resource "aws_key_pair" "kp_devops" {
      + arn         = (known after apply)
      + fingerprint = (known after apply)
      + id          = (known after apply)
      + key_name    = "kp_devops"
      + key_pair_id = (known after apply)
      + public_key  = "ssh-rsa AAAAB3NzaC1yc2EAAAADAQABAAABAQDAYZvpkPGgAj2738eKYtrSxXyzrNceYR14quTGxdASqvcQNLLKodQzLHHUtd16CzPShwkVG7/5obC7rcJhcALTHOVaKdWmilMp1cjmNF115e8OAlma/EhAF89dTmGjA4y39FEURnWhsM4/m/0SdR5fzGznIrA2t/LitCGd4ApVq4R3JIue/sqMh8PsSCOVzcWMHEeVS+kAaYUtMiTBJVzgfi7VHEhY5nrVYHX8uiKlWG4rykj0YgplmPYf4DyWOshpgAxgiq0jWaiR55AI/w13v3hWqKyMcWQgkc4O6c9urSLvaiO7ft/A8diV5j/QZa2hFu5l2jT/tx7QYjJVj7al aws_terraform_ssh_key"
    }

  # aws_route_table.route-public will be created
  + resource "aws_route_table" "route-public" {
      + id               = (known after apply)
      + owner_id         = (known after apply)
      + propagating_vgws = (known after apply)
      + route            = [
          + {
              + cidr_block                = "0.0.0.0/0"
              + egress_only_gateway_id    = ""
              + gateway_id                = (known after apply)
              + instance_id               = ""
              + ipv6_cidr_block           = ""
              + nat_gateway_id            = ""
              + network_interface_id      = ""
              + transit_gateway_id        = ""
              + vpc_peering_connection_id = ""
            },
        ]
      + vpc_id           = (known after apply)
    }

  # aws_route_table_association.sub_public_devops will be created
  + resource "aws_route_table_association" "sub_public_devops" {
      + id             = (known after apply)
      + route_table_id = (known after apply)
      + subnet_id      = (known after apply)
    }

  # aws_security_group.sg_devops will be created
  + resource "aws_security_group" "sg_devops" {
      + arn                    = (known after apply)
      + description            = "Allow SSH inbound traffic"
      + egress                 = [
          + {
              + cidr_blocks      = [
                  + "0.0.0.0/0",
                ]
              + description      = ""
              + from_port        = 0
              + ipv6_cidr_blocks = []
              + prefix_list_ids  = []
              + protocol         = "-1"
              + security_groups  = []
              + self             = false
              + to_port          = 0
            },
        ]
      + id                     = (known after apply)
      + ingress                = [
          + {
              + cidr_blocks      = [
                  + "0.0.0.0/0",
                ]
              + description      = ""
              + from_port        = 22
              + ipv6_cidr_blocks = []
              + prefix_list_ids  = []
              + protocol         = "tcp"
              + security_groups  = []
              + self             = false
              + to_port          = 22
            },
          + {
              + cidr_blocks      = [
                  + "0.0.0.0/0",
                ]
              + description      = ""
              + from_port        = 80
              + ipv6_cidr_blocks = []
              + prefix_list_ids  = []
              + protocol         = "tcp"
              + security_groups  = []
              + self             = false
              + to_port          = 80
            },
        ]
      + name                   = "sg_devops"
      + owner_id               = (known after apply)
      + revoke_rules_on_delete = false
      + vpc_id                 = (known after apply)
    }

  # aws_subnet.sub_public_devops will be created
  + resource "aws_subnet" "sub_public_devops" {
      + arn                             = (known after apply)
      + assign_ipv6_address_on_creation = false
      + availability_zone               = (known after apply)
      + availability_zone_id            = (known after apply)
      + cidr_block                      = "10.0.0.0/24"
      + id                              = (known after apply)
      + ipv6_cidr_block                 = (known after apply)
      + ipv6_cidr_block_association_id  = (known after apply)
      + map_public_ip_on_launch         = true
      + owner_id                        = (known after apply)
      + tags                            = {
          + "Name" = "sub_public_devops"
        }
      + vpc_id                          = (known after apply)
    }

  # aws_vpc.vpc_devops will be created
  + resource "aws_vpc" "vpc_devops" {
      + arn                              = (known after apply)
      + assign_generated_ipv6_cidr_block = false
      + cidr_block                       = "10.0.0.0/16"
      + default_network_acl_id           = (known after apply)
      + default_route_table_id           = (known after apply)
      + default_security_group_id        = (known after apply)
      + dhcp_options_id                  = (known after apply)
      + enable_classiclink               = (known after apply)
      + enable_classiclink_dns_support   = (known after apply)
      + enable_dns_hostnames             = (known after apply)
      + enable_dns_support               = true
      + id                               = (known after apply)
      + instance_tenancy                 = "default"
      + ipv6_association_id              = (known after apply)
      + ipv6_cidr_block                  = (known after apply)
      + main_route_table_id              = (known after apply)
      + owner_id                         = (known after apply)
      + tags                             = {
          + "Name" = "vpc_devops"
        }
    }

Plan: 9 to add, 0 to change, 0 to destroy.

------------------------------------------------------------------------

This plan was saved to: terraform_PLAN_out

To perform exactly these actions, run the following command to apply:
    terraform apply "terraform_PLAN_out"
